
Microsoft Visual Studio Solution File, Format Version 12.00
# Visual Studio Version 16
VisualStudioVersion = 16.0.28803.156
MinimumVisualStudioVersion = 10.0.40219.1
Project("{FAE04EC0-301F-11D3-BF4B-00C04F79EFBC}") = "WebJobCoreTemplate", "WebJobCoreTemplate\WebJobCoreTemplate.csproj", "{44A45D59-39B5-4FF6-A224-141CB8DFFEDF}"
EndProject
Global
	GlobalSection(SolutionConfigurationPlatforms) = preSolution
		Debug|Any CPU = Debug|Any CPU
		Release|Any CPU = Release|Any CPU
	EndGlobalSection
	GlobalSection(ProjectConfigurationPlatforms) = postSolution
		{44A45D59-39B5-4FF6-A224-141CB8DFFEDF}.Debug|Any CPU.ActiveCfg = Debug|Any CPU
		{44A45D59-39B5-4FF6-A224-141CB8DFFEDF}.Debug|Any CPU.Build.0 = Debug|Any CPU
		{44A45D59-39B5-4FF6-A224-141CB8DFFEDF}.Release|Any CPU.ActiveCfg = Release|Any CPU
		{44A45D59-39B5-4FF6-A224-141CB8DFFEDF}.Release|Any CPU.Build.0 = Release|Any CPU
	EndGlobalSection
	GlobalSection(SolutionProperties) = preSolution
		HideSolutionNode = FALSE
	EndGlobalSection
	GlobalSection(ExtensibilityGlobals) = postSolution
		SolutionGuid = {06374391-1EBB-4F67-97E2-207B8D620D25}
	EndGlobalSection
EndGlobal
